
Microsoft Visual Studio Solution File, Format Version 12.00
# Visual Studio Version 17
VisualStudioVersion = 17.10.35122.118
MinimumVisualStudioVersion = 10.0.40219.1
Project("{FAE04EC0-301F-11D3-BF4B-00C04F79EFBC}") = "maui-planets", "maui-planets.csproj", "{80E3BFE9-2ECD-47FA-9862-C4989321C795}"
EndProject
Global
	GlobalSection(SolutionConfigurationPlatforms) = preSolution
		Debug|Any CPU = Debug|Any CPU
		Release|Any CPU = Release|Any CPU
	EndGlobalSection
	GlobalSection(ProjectConfigurationPlatforms) = postSolution
		{80E3BFE9-2ECD-47FA-9862-C4989321C795}.Debug|Any CPU.ActiveCfg = Debug|Any CPU
		{80E3BFE9-2ECD-47FA-9862-C4989321C795}.Debug|Any CPU.Build.0 = Debug|Any CPU
		{80E3BFE9-2ECD-47FA-9862-C4989321C795}.Debug|Any CPU.Deploy.0 = Debug|Any CPU
		{80E3BFE9-2ECD-47FA-9862-C4989321C795}.Release|Any CPU.ActiveCfg = Release|Any CPU
		{80E3BFE9-2ECD-47FA-9862-C4989321C795}.Release|Any CPU.Build.0 = Release|Any CPU
		{80E3BFE9-2ECD-47FA-9862-C4989321C795}.Release|Any CPU.Deploy.0 = Release|Any CPU
	EndGlobalSection
	GlobalSection(SolutionProperties) = preSolution
		HideSolutionNode = FALSE
	EndGlobalSection
	GlobalSection(ExtensibilityGlobals) = postSolution
		SolutionGuid = {2E2844AB-9639-4C7B-BB8A-9005192A84F1}
	EndGlobalSection
EndGlobal
