
Microsoft Visual Studio Solution File, Format Version 12.00
# Visual Studio Version 17
VisualStudioVersion = 17.10.35122.118
MinimumVisualStudioVersion = 10.0.40219.1
Project("{9A19103F-16F7-4668-BE54-9A1E7A4F7556}") = "sci-calculator", "sci-calculator\sci-calculator.csproj", "{F3809237-D616-427E-A23F-655B49C95895}"
EndProject
Global
	GlobalSection(SolutionConfigurationPlatforms) = preSolution
		Debug|Any CPU = Debug|Any CPU
		Release|Any CPU = Release|Any CPU
	EndGlobalSection
	GlobalSection(ProjectConfigurationPlatforms) = postSolution
		{F3809237-D616-427E-A23F-655B49C95895}.Debug|Any CPU.ActiveCfg = Debug|Any CPU
		{F3809237-D616-427E-A23F-655B49C95895}.Debug|Any CPU.Build.0 = Debug|Any CPU
		{F3809237-D616-427E-A23F-655B49C95895}.Debug|Any CPU.Deploy.0 = Debug|Any CPU
		{F3809237-D616-427E-A23F-655B49C95895}.Release|Any CPU.ActiveCfg = Release|Any CPU
		{F3809237-D616-427E-A23F-655B49C95895}.Release|Any CPU.Build.0 = Release|Any CPU
		{F3809237-D616-427E-A23F-655B49C95895}.Release|Any CPU.Deploy.0 = Release|Any CPU
	EndGlobalSection
	GlobalSection(SolutionProperties) = preSolution
		HideSolutionNode = FALSE
	EndGlobalSection
	GlobalSection(ExtensibilityGlobals) = postSolution
		SolutionGuid = {79E5D907-AFB2-41C4-AA85-E047ADBD07EF}
	EndGlobalSection
EndGlobal
